
Microsoft Visual Studio Solution File, Format Version 12.00
# Visual Studio Version 17
VisualStudioVersion = 17.7.34003.232
MinimumVisualStudioVersion = 10.0.40219.1
Project("{FAE04EC0-301F-11D3-BF4B-00C04F79EFBC}") = "Inheritance_Mangum_Stephen", "Inheritance_Mangum_Stephen.csproj", "{B66285E3-0BCD-4CCB-9B81-7DDC19D6C754}"
EndProject
Global
	GlobalSection(SolutionConfigurationPlatforms) = preSolution
		Debug|Any CPU = Debug|Any CPU
		Release|Any CPU = Release|Any CPU
	EndGlobalSection
	GlobalSection(ProjectConfigurationPlatforms) = postSolution
		{B66285E3-0BCD-4CCB-9B81-7DDC19D6C754}.Debug|Any CPU.ActiveCfg = Debug|Any CPU
		{B66285E3-0BCD-4CCB-9B81-7DDC19D6C754}.Debug|Any CPU.Build.0 = Debug|Any CPU
		{B66285E3-0BCD-4CCB-9B81-7DDC19D6C754}.Release|Any CPU.ActiveCfg = Release|Any CPU
		{B66285E3-0BCD-4CCB-9B81-7DDC19D6C754}.Release|Any CPU.Build.0 = Release|Any CPU
	EndGlobalSection
	GlobalSection(SolutionProperties) = preSolution
		HideSolutionNode = FALSE
	EndGlobalSection
	GlobalSection(ExtensibilityGlobals) = postSolution
		SolutionGuid = {0E5F10BF-92D6-4FD6-8883-AC49B4405860}
	EndGlobalSection
EndGlobal
